PODS:
  - KeychainSwift (19.0.0)
  - Kingfisher (5.13.2):
    - Kingfisher/Core (= 5.13.2)
  - Kingfisher/Core (5.13.2)
  - SwiftLint (0.39.1)

DEPENDENCIES:
  - KeychainSwift (= 19.0.0)
  - Kingfisher (= 5.13.2)
  - SwiftLint (= 0.39.1)

SPEC REPOS:
  trunk:
    - KeychainSwift
    - Kingfisher
    - SwiftLint

SPEC CHECKSUMS:
  KeychainSwift: a06190cf933ad46b1e0abc3d77d29c06331715c7
  Kingfisher: d342c8354c10c3d85a27d6d4c42c41285924b898
  SwiftLint: 55e96a4a4d537d4a3156859fc1c54bd24851a046

PODFILE CHECKSUM: b91f4505f2da3c1e21daaec675caad37bd79e610

COCOAPODS: 1.9.1
